// !$*UTF8*$!
{
	archiveVersion = 1;
	classes = {
	};
	objectVersion = 55;
	objects = {

/* Begin PBXBuildFile section */
		C28BFB7A275A075F00D453FF /* AppDelegate.swift in Sources */ = {isa = PBXBuildFile; fileRef = C28BFB79275A075F00D453FF /* AppDelegate.swift */; };
		C28BFB7C275A076000D453FF /* SceneDelegate.swift in Sources */ = {isa = PBXBuildFile; fileRef = C28BFB7B275A076000D453FF /* SceneDelegate.swift */; };
		C28BFB7E275A076000D453FF /* ViewController.swift in Sources */ = {isa = PBXBuildFile; fileRef = C28BFB7D275A076000D453FF /* ViewController.swift */; };
		C28BFB81275A076000D453FF /* Main.storyboard in Resources */ = {isa = PBXBuildFile; fileRef = C28BFB7F275A076000D453FF /* Main.storyboard */; };
		C28BFB83275A076400D453FF /* Assets.xcassets in Resources */ = {isa = PBXBuildFile; fileRef = C28BFB82275A076400D453FF /* Assets.xcassets */; };
		C28BFB86275A076400D453FF /* LaunchScreen.storyboard in Resources */ = {isa = PBXBuildFile; fileRef = C28BFB84275A076400D453FF /* LaunchScreen.storyboard */; };
		C28BFB8F275A0B8800D453FF /* CommonButton.swift in Sources */ = {isa = PBXBuildFile; fileRef = C28BFB8E275A0B8800D453FF /* CommonButton.swift */; };
		C28BFB92275A113200D453FF /* TextFieldAlertController.swift in Sources */ = {isa = PBXBuildFile; fileRef = C28BFB91275A113200D453FF /* TextFieldAlertController.swift */; };
		C28BFB94275A135D00D453FF /* UIColor+Extension.swift in Sources */ = {isa = PBXBuildFile; fileRef = C28BFB93275A135D00D453FF /* UIColor+Extension.swift */; };
		F4D6C0C5AFA7F61F87771C78 /* Pods_CustomUIComponentsTest.framework in Frameworks */ = {isa = PBXBuildFile; fileRef = 45E7BD3169776B88147B4171 /* Pods_CustomUIComponentsTest.framework */; };
/* End PBXBuildFile section */

/* Begin PBXFileReference section */
		45E7BD3169776B88147B4171 /* Pods_CustomUIComponentsTest.framework */ = {isa = PBXFileReference; explicitFileType = wrapper.framework; includeInIndex = 0; path = Pods_CustomUIComponentsTest.framework; sourceTree = BUILT_PRODUCTS_DIR; };
		C28BFB76275A075F00D453FF /* CustomUIComponentsTest.app */ = {isa = PBXFileReference; explicitFileType = wrapper.application; includeInIndex = 0; path = CustomUIComponentsTest.app; sourceTree = BUILT_PRODUCTS_DIR; };
		C28BFB79275A075F00D453FF /* AppDelegate.swift */ = {isa = PBXFileReference; lastKnownFileType = sourcecode.swift; path = AppDelegate.swift; sourceTree = "<group>"; };
		C28BFB7B275A076000D453FF /* SceneDelegate.swift */ = {isa = PBXFileReference; lastKnownFileType = sourcecode.swift; path = SceneDelegate.swift; sourceTree = "<group>"; };
		C28BFB7D275A076000D453FF /* ViewController.swift */ = {isa = PBXFileReference; lastKnownFileType = sourcecode.swift; path = ViewController.swift; sourceTree = "<group>"; };
		C28BFB80275A076000D453FF /* Base */ = {isa = PBXFileReference; lastKnownFileType = file.storyboard; name = Base; path = Base.lproj/Main.storyboard; sourceTree = "<group>"; };
		C28BFB82275A076400D453FF /* Assets.xcassets */ = {isa = PBXFileReference; lastKnownFileType = folder.assetcatalog; path = Assets.xcassets; sourceTree = "<group>"; };
		C28BFB85275A076400D453FF /* Base */ = {isa = PBXFileReference; lastKnownFileType = file.storyboard; name = Base; path = Base.lproj/LaunchScreen.storyboard; sourceTree = "<group>"; };
		C28BFB87275A076400D453FF /* Info.plist */ = {isa = PBXFileReference; lastKnownFileType = text.plist.xml; path = Info.plist; sourceTree = "<group>"; };
		C28BFB8E275A0B8800D453FF /* CommonButton.swift */ = {isa = PBXFileReference; lastKnownFileType = sourcecode.swift; path = CommonButton.swift; sourceTree = "<group>"; };
		C28BFB91275A113200D453FF /* TextFieldAlertController.swift */ = {isa = PBXFileReference; lastKnownFileType = sourcecode.swift; path = TextFieldAlertController.swift; sourceTree = "<group>"; };
		C28BFB93275A135D00D453FF /* UIColor+Extension.swift */ = {isa = PBXFileReference; lastKnownFileType = sourcecode.swift; path = "UIColor+Extension.swift"; sourceTree = "<group>"; };
		D2E3E9FCE8BD41BE8E10258B /* Pods-CustomUIComponentsTest.release.xcconfig */ = {isa = PBXFileReference; includeInIndex = 1; lastKnownFileType = text.xcconfig; name = "Pods-CustomUIComponentsTest.release.xcconfig"; path = "Target Support Files/Pods-CustomUIComponentsTest/Pods-CustomUIComponentsTest.release.xcconfig"; sourceTree = "<group>"; };
		DD3CF7219BAE938EAA530DB1 /* Pods-CustomUIComponentsTest.debug.xcconfig */ = {isa = PBXFileReference; includeInIndex = 1; lastKnownFileType = text.xcconfig; name = "Pods-CustomUIComponentsTest.debug.xcconfig"; path = "Target Support Files/Pods-CustomUIComponentsTest/Pods-CustomUIComponentsTest.debug.xcconfig"; sourceTree = "<group>"; };
/* End PBXFileReference section */

/* Begin PBXFrameworksBuildPhase section */
		C28BFB73275A075F00D453FF /* Frameworks */ = {
			isa = PBXFrameworksBuildPhase;
			buildActionMask = 2147483647;
			files = (
				F4D6C0C5AFA7F61F87771C78 /* Pods_CustomUIComponentsTest.framework in Frameworks */,
			);
			runOnlyForDeploymentPostprocessing = 0;
		};
/* End PBXFrameworksBuildPhase section */

/* Begin PBXGroup section */
		13E7B27D66F9B8F0ED9A9E10 /* Frameworks */ = {
			isa = PBXGroup;
			children = (
				45E7BD3169776B88147B4171 /* Pods_CustomUIComponentsTest.framework */,
			);
			name = Frameworks;
			sourceTree = "<group>";
		};
		69C14DEFC67F5E9BCCFCD7C4 /* Pods */ = {
			isa = PBXGroup;
			children = (
				DD3CF7219BAE938EAA530DB1 /* Pods-CustomUIComponentsTest.debug.xcconfig */,
				D2E3E9FCE8BD41BE8E10258B /* Pods-CustomUIComponentsTest.release.xcconfig */,
			);
			path = Pods;
			sourceTree = "<group>";
		};
		C28BFB6D275A075F00D453FF = {
			isa = PBXGroup;
			children = (
				C28BFB78275A075F00D453FF /* CustomUIComponentsTest */,
				C28BFB77275A075F00D453FF /* Products */,
				69C14DEFC67F5E9BCCFCD7C4 /* Pods */,
				13E7B27D66F9B8F0ED9A9E10 /* Frameworks */,
			);
			sourceTree = "<group>";
		};
		C28BFB77275A075F00D453FF /* Products */ = {
			isa = PBXGroup;
			children = (
				C28BFB76275A075F00D453FF /* CustomUIComponentsTest.app */,
			);
			name = Products;
			sourceTree = "<group>";
		};
		C28BFB78275A075F00D453FF /* CustomUIComponentsTest */ = {
			isa = PBXGroup;
			children = (
				C28BFB90275A111400D453FF /* ViewControllers */,
				C28BFB8D275A0B7400D453FF /* Common */,
				C28BFB79275A075F00D453FF /* AppDelegate.swift */,
				C28BFB7B275A076000D453FF /* SceneDelegate.swift */,
				C28BFB7D275A076000D453FF /* ViewController.swift */,
				C28BFB93275A135D00D453FF /* UIColor+Extension.swift */,
				C28BFB7F275A076000D453FF /* Main.storyboard */,
				C28BFB82275A076400D453FF /* Assets.xcassets */,
				C28BFB84275A076400D453FF /* LaunchScreen.storyboard */,
				C28BFB87275A076400D453FF /* Info.plist */,
			);
			path = CustomUIComponentsTest;
			sourceTree = "<group>";
		};
		C28BFB8D275A0B7400D453FF /* Common */ = {
			isa = PBXGroup;
			children = (
				C28BFB8E275A0B8800D453FF /* CommonButton.swift */,
			);
			path = Common;
			sourceTree = "<group>";
		};
		C28BFB90275A111400D453FF /* ViewControllers */ = {
			isa = PBXGroup;
			children = (
				C28BFB91275A113200D453FF /* TextFieldAlertController.swift */,
			);
			path = ViewControllers;
			sourceTree = "<group>";
		};
/* End PBXGroup section */

/* Begin PBXNativeTarget section */
		C28BFB75275A075F00D453FF /* CustomUIComponentsTest */ = {
			isa = PBXNativeTarget;
			buildConfigurationList = C28BFB8A275A076400D453FF /* Build configuration list for PBXNativeTarget "CustomUIComponentsTest" */;
			buildPhases = (
				6A71ADB27F69B3C322EEFDBD /* [CP] Check Pods Manifest.lock */,
				C28BFB72275A075F00D453FF /* Sources */,
				C28BFB73275A075F00D453FF /* Frameworks */,
				C28BFB74275A075F00D453FF /* Resources */,
				A0189C5C34B73217D8A6FBB8 /* [CP] Embed Pods Frameworks */,
			);
			buildRules = (
			);
			dependencies = (
			);
			name = CustomUIComponentsTest;
			productName = CustomUIComponentsTest;
			productReference = C28BFB76275A075F00D453FF /* CustomUIComponentsTest.app */;
			productType = "com.apple.product-type.application";
		};
/* End PBXNativeTarget section */

/* Begin PBXProject section */
		C28BFB6E275A075F00D453FF /* Project object */ = {
			isa = PBXProject;
			attributes = {
				BuildIndependentTargetsInParallel = 1;
				LastSwiftUpdateCheck = 1310;
				LastUpgradeCheck = 1310;
				TargetAttributes = {
					C28BFB75275A075F00D453FF = {
						CreatedOnToolsVersion = 13.1;
					};
				};
			};
			buildConfigurationList = C28BFB71275A075F00D453FF /* Build configuration list for PBXProject "CustomUIComponentsTest" */;
			compatibilityVersion = "Xcode 13.0";
			developmentRegion = en;
			hasScannedForEncodings = 0;
			knownRegions = (
				en,
				Base,
			);
			mainGroup = C28BFB6D275A075F00D453FF;
			productRefGroup = C28BFB77275A075F00D453FF /* Products */;
			projectDirPath = "";
			projectRoot = "";
			targets = (
				C28BFB75275A075F00D453FF /* CustomUIComponentsTest */,
			);
		};
/* End PBXProject section */

/* Begin PBXResourcesBuildPhase section */
		C28BFB74275A075F00D453FF /* Resources */ = {
			isa = PBXResourcesBuildPhase;
			buildActionMask = 2147483647;
			files = (
				C28BFB86275A076400D453FF /* LaunchScreen.storyboard in Resources */,
				C28BFB83275A076400D453FF /* Assets.xcassets in Resources */,
				C28BFB81275A076000D453FF /* Main.storyboard in Resources */,
			);
			runOnlyForDeploymentPostprocessing = 0;
		};
/* End PBXResourcesBuildPhase section */

/* Begin PBXShellScriptBuildPhase section */
		6A71ADB27F69B3C322EEFDBD /* [CP] Check Pods Manifest.lock */ = {
			isa = PBXShellScriptBuildPhase;
			buildActionMask = 2147483647;
			files = (
			);
			inputFileListPaths = (
			);
			inputPaths = (
				"${PODS_PODFILE_DIR_PATH}/Podfile.lock",
				"${PODS_ROOT}/Manifest.lock",
			);
			name = "[CP] Check Pods Manifest.lock";
			outputFileListPaths = (
			);
			outputPaths = (
				"$(DERIVED_FILE_DIR)/Pods-CustomUIComponentsTest-checkManifestLockResult.txt",
			);
			runOnlyForDeploymentPostprocessing = 0;
			shellPath = /bin/sh;
			shellScript = "diff \"${PODS_PODFILE_DIR_PATH}/Podfile.lock\" \"${PODS_ROOT}/Manifest.lock\" > /dev/null\nif [ $? != 0 ] ; then\n    # print error to STDERR\n    echo \"error: The sandbox is not in sync with the Podfile.lock. Run 'pod install' or update your CocoaPods installation.\" >&2\n    exit 1\nfi\n# This output is used by Xcode 'outputs' to avoid re-running this script phase.\necho \"SUCCESS\" > \"${SCRIPT_OUTPUT_FILE_0}\"\n";
			showEnvVarsInLog = 0;
		};
		A0189C5C34B73217D8A6FBB8 /* [CP] Embed Pods Frameworks */ = {
			isa = PBXShellScriptBuildPhase;
			buildActionMask = 2147483647;
			files = (
			);
			inputFileListPaths = (
				"${PODS_ROOT}/Target Support Files/Pods-CustomUIComponentsTest/Pods-CustomUIComponentsTest-frameworks-${CONFIGURATION}-input-files.xcfilelist",
			);
			name = "[CP] Embed Pods Frameworks";
			outputFileListPaths = (
				"${PODS_ROOT}/Target Support Files/Pods-CustomUIComponentsTest/Pods-CustomUIComponentsTest-frameworks-${CONFIGURATION}-output-files.xcfilelist",
			);
			runOnlyForDeploymentPostprocessing = 0;
			shellPath = /bin/sh;
			shellScript = "\"${PODS_ROOT}/Target Support Files/Pods-CustomUIComponentsTest/Pods-CustomUIComponentsTest-frameworks.sh\"\n";
			showEnvVarsInLog = 0;
		};
/* End PBXShellScriptBuildPhase section */

/* Begin PBXSourcesBuildPhase section */
		C28BFB72275A075F00D453FF /* Sources */ = {
			isa = PBXSourcesBuildPhase;
			buildActionMask = 2147483647;
			files = (
				C28BFB7E275A076000D453FF /* ViewController.swift in Sources */,
				C28BFB7A275A075F00D453FF /* AppDelegate.swift in Sources */,
				C28BFB8F275A0B8800D453FF /* CommonButton.swift in Sources */,
				C28BFB94275A135D00D453FF /* UIColor+Extension.swift in Sources */,
				C28BFB92275A113200D453FF /* TextFieldAlertController.swift in Sources */,
				C28BFB7C275A076000D453FF /* SceneDelegate.swift in Sources */,
			);
			runOnlyForDeploymentPostprocessing = 0;
		};
/* End PBXSourcesBuildPhase section */

/* Begin PBXVariantGroup section */
		C28BFB7F275A076000D453FF /* Main.storyboard */ = {
			isa = PBXVariantGroup;
			children = (
				C28BFB80275A076000D453FF /* Base */,
			);
			name = Main.storyboard;
			sourceTree = "<group>";
		};
		C28BFB84275A076400D453FF /* LaunchScreen.storyboard */ = {
			isa = PBXVariantGroup;
			children = (
				C28BFB85275A076400D453FF /* Base */,
			);
			name = LaunchScreen.storyboard;
			sourceTree = "<group>";
		};
/* End PBXVariantGroup section */

/* Begin XCBuildConfiguration section */
		C28BFB88275A076400D453FF /* Debug */ = {
			isa = XCBuildConfiguration;
			buildSettings = {
				ALWAYS_SEARCH_USER_PATHS = NO;
				CLANG_ANALYZER_NONNULL = YES;
				CLANG_ANALYZER_NUMBER_OBJECT_CONVERSION = YES_AGGRESSIVE;
				CLANG_CXX_LANGUAGE_STANDARD = "gnu++17";
				CLANG_CXX_LIBRARY = "libc++";
				CLANG_ENABLE_MODULES = YES;
				CLANG_ENABLE_OBJC_ARC = YES;
				CLANG_ENABLE_OBJC_WEAK = YES;
				CLANG_WARN_BLOCK_CAPTURE_AUTORELEASING = YES;
				CLANG_WARN_BOOL_CONVERSION = YES;
				CLANG_WARN_COMMA = YES;
				CLANG_WARN_CONSTANT_CONVERSION = YES;
				CLANG_WARN_DEPRECATED_OBJC_IMPLEMENTATIONS = YES;
				CLANG_WARN_DIRECT_OBJC_ISA_USAGE = YES_ERROR;
				CLANG_WARN_DOCUMENTATION_COMMENTS = YES;
				CLANG_WARN_EMPTY_BODY = YES;
				CLANG_WARN_ENUM_CONVERSION = YES;
				CLANG_WARN_INFINITE_RECURSION = YES;
				CLANG_WARN_INT_CONVERSION = YES;
				CLANG_WARN_NON_LITERAL_NULL_CONVERSION = YES;
				CLANG_WARN_OBJC_IMPLICIT_RETAIN_SELF = YES;
				CLANG_WARN_OBJC_LITERAL_CONVERSION = YES;
				CLANG_WARN_OBJC_ROOT_CLASS = YES_ERROR;
				CLANG_WARN_QUOTED_INCLUDE_IN_FRAMEWORK_HEADER = YES;
				CLANG_WARN_RANGE_LOOP_ANALYSIS = YES;
				CLANG_WARN_STRICT_PROTOTYPES = YES;
				CLANG_WARN_SUSPICIOUS_MOVE = YES;
				CLANG_WARN_UNGUARDED_AVAILABILITY = YES_AGGRESSIVE;
				CLANG_WARN_UNREACHABLE_CODE = YES;
				CLANG_WARN__DUPLICATE_METHOD_MATCH = YES;
				COPY_PHASE_STRIP = NO;
				DEBUG_INFORMATION_FORMAT = dwarf;
				ENABLE_STRICT_OBJC_MSGSEND = YES;
				ENABLE_TESTABILITY = YES;
				GCC_C_LANGUAGE_STANDARD = gnu11;
				GCC_DYNAMIC_NO_PIC = NO;
				GCC_NO_COMMON_BLOCKS = YES;
				GCC_OPTIMIZATION_LEVEL = 0;
				GCC_PREPROCESSOR_DEFINITIONS = (
					"DEBUG=1",
					"$(inherited)",
				);
				GCC_WARN_64_TO_32_BIT_CONVERSION = YES;
				GCC_WARN_ABOUT_RETURN_TYPE = YES_ERROR;
				GCC_WARN_UNDECLARED_SELECTOR = YES;
				GCC_WARN_UNINITIALIZED_AUTOS = YES_AGGRESSIVE;
				GCC_WARN_UNUSED_FUNCTION = YES;
				GCC_WARN_UNUSED_VARIABLE = YES;
				IPHONEOS_DEPLOYMENT_TARGET = 15.0;
				MTL_ENABLE_DEBUG_INFO = INCLUDE_SOURCE;
				MTL_FAST_MATH = YES;
				ONLY_ACTIVE_ARCH = YES;
				SDKROOT = iphoneos;
				SWIFT_ACTIVE_COMPILATION_CONDITIONS = DEBUG;
				SWIFT_OPTIMIZATION_LEVEL = "-Onone";
			};
			name = Debug;
		};
		C28BFB89275A076400D453FF /* Release */ = {
			isa = XCBuildConfiguration;
			buildSettings = {
				ALWAYS_SEARCH_USER_PATHS = NO;
				CLANG_ANALYZER_NONNULL = YES;
				CLANG_ANALYZER_NUMBER_OBJECT_CONVERSION = YES_AGGRESSIVE;
				CLANG_CXX_LANGUAGE_STANDARD = "gnu++17";
				CLANG_CXX_LIBRARY = "libc++";
				CLANG_ENABLE_MODULES = YES;
				CLANG_ENABLE_OBJC_ARC = YES;
				CLANG_ENABLE_OBJC_WEAK = YES;
				CLANG_WARN_BLOCK_CAPTURE_AUTORELEASING = YES;
				CLANG_WARN_BOOL_CONVERSION = YES;
				CLANG_WARN_COMMA = YES;
				CLANG_WARN_CONSTANT_CONVERSION = YES;
				CLANG_WARN_DEPRECATED_OBJC_IMPLEMENTATIONS = YES;
				CLANG_WARN_DIRECT_OBJC_ISA_USAGE = YES_ERROR;
				CLANG_WARN_DOCUMENTATION_COMMENTS = YES;
				CLANG_WARN_EMPTY_BODY = YES;
				CLANG_WARN_ENUM_CONVERSION = YES;
				CLANG_WARN_INFINITE_RECURSION = YES;
				CLANG_WARN_INT_CONVERSION = YES;
				CLANG_WARN_NON_LITERAL_NULL_CONVERSION = YES;
				CLANG_WARN_OBJC_IMPLICIT_RETAIN_SELF = YES;
				CLANG_WARN_OBJC_LITERAL_CONVERSION = YES;
				CLANG_WARN_OBJC_ROOT_CLASS = YES_ERROR;
				CLANG_WARN_QUOTED_INCLUDE_IN_FRAMEWORK_HEADER = YES;
				CLANG_WARN_RANGE_LOOP_ANALYSIS = YES;
				CLANG_WARN_STRICT_PROTOTYPES = YES;
				CLANG_WARN_SUSPICIOUS_MOVE = YES;
				CLANG_WARN_UNGUARDED_AVAILABILITY = YES_AGGRESSIVE;
				CLANG_WARN_UNREACHABLE_CODE = YES;
				CLANG_WARN__DUPLICATE_METHOD_MATCH = YES;
				COPY_PHASE_STRIP = NO;
				DEBUG_INFORMATION_FORMAT = "dwarf-with-dsym";
				ENABLE_NS_ASSERTIONS = NO;
				ENABLE_STRICT_OBJC_MSGSEND = YES;
				GCC_C_LANGUAGE_STANDARD = gnu11;
				GCC_NO_COMMON_BLOCKS = YES;
				GCC_WARN_64_TO_32_BIT_CONVERSION = YES;
				GCC_WARN_ABOUT_RETURN_TYPE = YES_ERROR;
				GCC_WARN_UNDECLARED_SELECTOR = YES;
				GCC_WARN_UNINITIALIZED_AUTOS = YES_AGGRESSIVE;
				GCC_WARN_UNUSED_FUNCTION = YES;
				GCC_WARN_UNUSED_VARIABLE = YES;
				IPHONEOS_DEPLOYMENT_TARGET = 15.0;
				MTL_ENABLE_DEBUG_INFO = NO;
				MTL_FAST_MATH = YES;
				SDKROOT = iphoneos;
				SWIFT_COMPILATION_MODE = wholemodule;
				SWIFT_OPTIMIZATION_LEVEL = "-O";
				VALIDATE_PRODUCT = YES;
			};
			name = Release;
		};
		C28BFB8B275A076400D453FF /* Debug */ = {
			isa = XCBuildConfiguration;
			baseConfigurationReference = DD3CF7219BAE938EAA530DB1 /* Pods-CustomUIComponentsTest.debug.xcconfig */;
			buildSettings = {
				ASSETCATALOG_COMPILER_APPICON_NAME = AppIcon;
				ASSETCATALOG_COMPILER_GLOBAL_ACCENT_COLOR_NAME = AccentColor;
				CODE_SIGN_STYLE = Automatic;
				CURRENT_PROJECT_VERSION = 1;
				DEVELOPMENT_TEAM = K6448RX2CR;
				GENERATE_INFOPLIST_FILE = YES;
				INFOPLIST_FILE = CustomUIComponentsTest/Info.plist;
				INFOPLIST_KEY_UIApplicationSupportsIndirectInputEvents = YES;
				INFOPLIST_KEY_UILaunchStoryboardName = LaunchScreen;
				INFOPLIST_KEY_UIMainStoryboardFile = Main;
				INFOPLIST_KEY_UISupportedInterfaceOrientations_iPad = "UIInterfaceOrientationPortrait UIInterfaceOrientationPortraitUpsideDown UIInterfaceOrientationLandscapeLeft UIInterfaceOrientationLandscapeRight";
				INFOPLIST_KEY_UISupportedInterfaceOrientations_iPhone = "UIInterfaceOrientationPortrait UIInterfaceOrientationLandscapeLeft UIInterfaceOrientationLandscapeRight";
				IPHONEOS_DEPLOYMENT_TARGET = 13.0;
				LD_RUNPATH_SEARCH_PATHS = (
					"$(inherited)",
					"@executable_path/Frameworks",
				);
				MARKETING_VERSION = 1.0;
				PRODUCT_BUNDLE_IDENTIFIER = com.msk7529.CustomUIComponentsTest;
				PRODUCT_NAME = "$(TARGET_NAME)";
				SWIFT_EMIT_LOC_STRINGS = YES;
				SWIFT_VERSION = 5.0;
				TARGETED_DEVICE_FAMILY = "1,2";
			};
			name = Debug;
		};
		C28BFB8C275A076400D453FF /* Release */ = {
			isa = XCBuildConfiguration;
			baseConfigurationReference = D2E3E9FCE8BD41BE8E10258B /* Pods-CustomUIComponentsTest.release.xcconfig */;
			buildSettings = {
				ASSETCATALOG_COMPILER_APPICON_NAME = AppIcon;
				ASSETCATALOG_COMPILER_GLOBAL_ACCENT_COLOR_NAME = AccentColor;
				CODE_SIGN_STYLE = Automatic;
				CURRENT_PROJECT_VERSION = 1;
				DEVELOPMENT_TEAM = K6448RX2CR;
				GENERATE_INFOPLIST_FILE = YES;
				INFOPLIST_FILE = CustomUIComponentsTest/Info.plist;
				INFOPLIST_KEY_UIApplicationSupportsIndirectInputEvents = YES;
				INFOPLIST_KEY_UILaunchStoryboardName = LaunchScreen;
				INFOPLIST_KEY_UIMainStoryboardFile = Main;
				INFOPLIST_KEY_UISupportedInterfaceOrientations_iPad = "UIInterfaceOrientationPortrait UIInterfaceOrientationPortraitUpsideDown UIInterfaceOrientationLandscapeLeft UIInterfaceOrientationLandscapeRight";
				INFOPLIST_KEY_UISupportedInterfaceOrientations_iPhone = "UIInterfaceOrientationPortrait UIInterfaceOrientationLandscapeLeft UIInterfaceOrientationLandscapeRight";
				IPHONEOS_DEPLOYMENT_TARGET = 13.0;
				LD_RUNPATH_SEARCH_PATHS = (
					"$(inherited)",
					"@executable_path/Frameworks",
				);
				MARKETING_VERSION = 1.0;
				PRODUCT_BUNDLE_IDENTIFIER = com.msk7529.CustomUIComponentsTest;
				PRODUCT_NAME = "$(TARGET_NAME)";
				SWIFT_EMIT_LOC_STRINGS = YES;
				SWIFT_VERSION = 5.0;
				TARGETED_DEVICE_FAMILY = "1,2";
			};
			name = Release;
		};
/* End XCBuildConfiguration section */

/* Begin XCConfigurationList section */
		C28BFB71275A075F00D453FF /* Build configuration list for PBXProject "CustomUIComponentsTest" */ = {
			isa = XCConfigurationList;
			buildConfigurations = (
				C28BFB88275A076400D453FF /* Debug */,
				C28BFB89275A076400D453FF /* Release */,
			);
			defaultConfigurationIsVisible = 0;
			defaultConfigurationName = Release;
		};
		C28BFB8A275A076400D453FF /* Build configuration list for PBXNativeTarget "CustomUIComponentsTest" */ = {
			isa = XCConfigurationList;
			buildConfigurations = (
				C28BFB8B275A076400D453FF /* Debug */,
				C28BFB8C275A076400D453FF /* Release */,
			);
			defaultConfigurationIsVisible = 0;
			defaultConfigurationName = Release;
		};
/* End XCConfigurationList section */
	};
	rootObject = C28BFB6E275A075F00D453FF /* Project object */;
}
